
Microsoft Visual Studio Solution File, Format Version 12.00
# Visual Studio Version 17
VisualStudioVersion = 17.5.33516.290
MinimumVisualStudioVersion = 10.0.40219.1
Project("{FAE04EC0-301F-11D3-BF4B-00C04F79EFBC}") = "Yeremenko_HW3", "Yeremenko_HW3\Yeremenko_HW3.csproj", "{DDA65221-3E66-4EC0-ADF8-D1B7BFB5C7FB}"
EndProject
Global
	GlobalSection(SolutionConfigurationPlatforms) = preSolution
		Debug|Any CPU = Debug|Any CPU
		Release|Any CPU = Release|Any CPU
	EndGlobalSection
	GlobalSection(ProjectConfigurationPlatforms) = postSolution
		{DDA65221-3E66-4EC0-ADF8-D1B7BFB5C7FB}.Debug|Any CPU.ActiveCfg = Debug|Any CPU
		{DDA65221-3E66-4EC0-ADF8-D1B7BFB5C7FB}.Debug|Any CPU.Build.0 = Debug|Any CPU
		{DDA65221-3E66-4EC0-ADF8-D1B7BFB5C7FB}.Release|Any CPU.ActiveCfg = Release|Any CPU
		{DDA65221-3E66-4EC0-ADF8-D1B7BFB5C7FB}.Release|Any CPU.Build.0 = Release|Any CPU
	EndGlobalSection
	GlobalSection(SolutionProperties) = preSolution
		HideSolutionNode = FALSE
	EndGlobalSection
	GlobalSection(ExtensibilityGlobals) = postSolution
		SolutionGuid = {526A4EFB-A5A0-487C-A15B-A287199FBE39}
	EndGlobalSection
EndGlobal
