
Microsoft Visual Studio Solution File, Format Version 12.00
# Visual Studio Version 17
VisualStudioVersion = 17.5.33516.290
MinimumVisualStudioVersion = 10.0.40219.1
Project("{9A19103F-16F7-4668-BE54-9A1E7A4F7556}") = "Yeremenko_HW6", "Yeremenko_HW6\Yeremenko_HW6.csproj", "{63A3C4A0-6546-4B1A-B2CA-025A773410E9}"
EndProject
Global
	GlobalSection(SolutionConfigurationPlatforms) = preSolution
		Debug|Any CPU = Debug|Any CPU
		Release|Any CPU = Release|Any CPU
	EndGlobalSection
	GlobalSection(ProjectConfigurationPlatforms) = postSolution
		{63A3C4A0-6546-4B1A-B2CA-025A773410E9}.Debug|Any CPU.ActiveCfg = Debug|Any CPU
		{63A3C4A0-6546-4B1A-B2CA-025A773410E9}.Debug|Any CPU.Build.0 = Debug|Any CPU
		{63A3C4A0-6546-4B1A-B2CA-025A773410E9}.Release|Any CPU.ActiveCfg = Release|Any CPU
		{63A3C4A0-6546-4B1A-B2CA-025A773410E9}.Release|Any CPU.Build.0 = Release|Any CPU
	EndGlobalSection
	GlobalSection(SolutionProperties) = preSolution
		HideSolutionNode = FALSE
	EndGlobalSection
	GlobalSection(ExtensibilityGlobals) = postSolution
		SolutionGuid = {9671D057-27E7-49EF-A771-7282BFF6DAB2}
	EndGlobalSection
EndGlobal
